
Microsoft Visual Studio Solution File, Format Version 12.00
# Visual Studio 14
VisualStudioVersion = 14.0.24720.0
MinimumVisualStudioVersion = 10.0.40219.1
Project("{FAE04EC0-301F-11D3-BF4B-00C04F79EFBC}") = "IdentityServer3.DocumentDb", "IdentityServer3.DocumentDb\IdentityServer3.DocumentDb.csproj", "{53A35221-F187-4D2C-9FF3-AF7CFC6639ED}"
EndProject
Project("{FAE04EC0-301F-11D3-BF4B-00C04F79EFBC}") = "IdentityServer3.DocumentDb.IntegrationTests", "IdentityServer3.DocumentDb.IntegrationTests\IdentityServer3.DocumentDb.IntegrationTests.csproj", "{A7EF52FC-A994-40E1-82A1-7D7E7EF77DD6}"
EndProject
Project("{FAE04EC0-301F-11D3-BF4B-00C04F79EFBC}") = "IdentityServer3.DocumentDb.Tests", "IdentityServer3.DocumentDb.Tests\IdentityServer3.DocumentDb.Tests.csproj", "{FC766F13-1961-4A48-AFB0-A4CA08833660}"
EndProject
Global
	GlobalSection(SolutionConfigurationPlatforms) = preSolution
		Debug|Any CPU = Debug|Any CPU
		Release|Any CPU = Release|Any CPU
	EndGlobalSection
	GlobalSection(ProjectConfigurationPlatforms) = postSolution
		{53A35221-F187-4D2C-9FF3-AF7CFC6639ED}.Debug|Any CPU.ActiveCfg = Debug|Any CPU
		{53A35221-F187-4D2C-9FF3-AF7CFC6639ED}.Debug|Any CPU.Build.0 = Debug|Any CPU
		{53A35221-F187-4D2C-9FF3-AF7CFC6639ED}.Release|Any CPU.ActiveCfg = Release|Any CPU
		{53A35221-F187-4D2C-9FF3-AF7CFC6639ED}.Release|Any CPU.Build.0 = Release|Any CPU
		{A7EF52FC-A994-40E1-82A1-7D7E7EF77DD6}.Debug|Any CPU.ActiveCfg = Debug|Any CPU
		{A7EF52FC-A994-40E1-82A1-7D7E7EF77DD6}.Debug|Any CPU.Build.0 = Debug|Any CPU
		{A7EF52FC-A994-40E1-82A1-7D7E7EF77DD6}.Release|Any CPU.ActiveCfg = Release|Any CPU
		{A7EF52FC-A994-40E1-82A1-7D7E7EF77DD6}.Release|Any CPU.Build.0 = Release|Any CPU
		{FC766F13-1961-4A48-AFB0-A4CA08833660}.Debug|Any CPU.ActiveCfg = Debug|Any CPU
		{FC766F13-1961-4A48-AFB0-A4CA08833660}.Debug|Any CPU.Build.0 = Debug|Any CPU
		{FC766F13-1961-4A48-AFB0-A4CA08833660}.Release|Any CPU.ActiveCfg = Release|Any CPU
		{FC766F13-1961-4A48-AFB0-A4CA08833660}.Release|Any CPU.Build.0 = Release|Any CPU
	EndGlobalSection
	GlobalSection(SolutionProperties) = preSolution
		HideSolutionNode = FALSE
	EndGlobalSection
	GlobalSection(ExtensibilityGlobals) = postSolution
		EnterpriseLibraryConfigurationToolBinariesPathV6 = packages\EnterpriseLibrary.TransientFaultHandling.6.0.1304.0\lib\portable-net45+win+wp8
	EndGlobalSection
EndGlobal
